
Microsoft Visual Studio Solution File, Format Version 12.00
# Visual Studio 15
VisualStudioVersion = 15.0.28010.2016
MinimumVisualStudioVersion = 10.0.40219.1
Project("{FAE04EC0-301F-11D3-BF4B-00C04F79EFBC}") = "ClassAndObjectDemo", "ClassAndObjectDemo\ClassAndObjectDemo.csproj", "{01A9244A-01E3-4815-A7A4-F248EF0D453D}"
EndProject
Global
	GlobalSection(SolutionConfigurationPlatforms) = preSolution
		Debug|Any CPU = Debug|Any CPU
		Release|Any CPU = Release|Any CPU
	EndGlobalSection
	GlobalSection(ProjectConfigurationPlatforms) = postSolution
		{01A9244A-01E3-4815-A7A4-F248EF0D453D}.Debug|Any CPU.ActiveCfg = Debug|Any CPU
		{01A9244A-01E3-4815-A7A4-F248EF0D453D}.Debug|Any CPU.Build.0 = Debug|Any CPU
		{01A9244A-01E3-4815-A7A4-F248EF0D453D}.Release|Any CPU.ActiveCfg = Release|Any CPU
		{01A9244A-01E3-4815-A7A4-F248EF0D453D}.Release|Any CPU.Build.0 = Release|Any CPU
	EndGlobalSection
	GlobalSection(SolutionProperties) = preSolution
		HideSolutionNode = FALSE
	EndGlobalSection
	GlobalSection(ExtensibilityGlobals) = postSolution
		SolutionGuid = {BCE08F9E-E6D6-4BF7-90E4-97F038EA4680}
	EndGlobalSection
EndGlobal
