
Microsoft Visual Studio Solution File, Format Version 12.00
# Visual Studio 15
VisualStudioVersion = 15.0.28010.2016
MinimumVisualStudioVersion = 10.0.40219.1
Project("{FAE04EC0-301F-11D3-BF4B-00C04F79EFBC}") = "Functions", "Functions\Functions.csproj", "{B7A628F8-2E99-466E-AF40-968F326472A6}"
EndProject
Global
	GlobalSection(SolutionConfigurationPlatforms) = preSolution
		Debug|Any CPU = Debug|Any CPU
		Release|Any CPU = Release|Any CPU
	EndGlobalSection
	GlobalSection(ProjectConfigurationPlatforms) = postSolution
		{B7A628F8-2E99-466E-AF40-968F326472A6}.Debug|Any CPU.ActiveCfg = Debug|Any CPU
		{B7A628F8-2E99-466E-AF40-968F326472A6}.Debug|Any CPU.Build.0 = Debug|Any CPU
		{B7A628F8-2E99-466E-AF40-968F326472A6}.Release|Any CPU.ActiveCfg = Release|Any CPU
		{B7A628F8-2E99-466E-AF40-968F326472A6}.Release|Any CPU.Build.0 = Release|Any CPU
	EndGlobalSection
	GlobalSection(SolutionProperties) = preSolution
		HideSolutionNode = FALSE
	EndGlobalSection
	GlobalSection(ExtensibilityGlobals) = postSolution
		SolutionGuid = {B17DB084-E158-433F-9371-9DC44A08FE07}
	EndGlobalSection
EndGlobal
